dependencies:
- name: common
  repository: file://charts/common
  version: 0.1.0
- name: postgres
  repository: file://charts/postgres
  version: 0.1.0
- name: redis
  repository: file://charts/redis
  version: 0.1.0
- name: minio
  repository: file://charts/minio
  version: 0.1.0
- name: api-gateway
  repository: file://charts/api-gateway
  version: 0.1.0
- name: auth-service
  repository: file://charts/auth-service
  version: 0.1.0
- name: user-service
  repository: file://charts/user-service
  version: 0.1.0
- name: tenant-service
  repository: file://charts/tenant-service
  version: 0.1.0
- name: menu-service
  repository: file://charts/menu-service
  version: 0.1.0
- name: saas-catalog-service
  repository: file://charts/saas-catalog-service
  version: 0.1.0
- name: subscription-service
  repository: file://charts/subscription-service
  version: 0.1.0
- name: billing-service
  repository: file://charts/billing-service
  version: 0.1.0
- name: crm-service
  repository: file://charts/crm-service
  version: 0.1.0
- name: ai-service
  repository: file://charts/ai-service
  version: 0.1.0
- name: notification-service
  repository: file://charts/notification-service
  version: 0.1.0
- name: file-service
  repository: file://charts/file-service
  version: 0.1.0
- name: audit-service
  repository: file://charts/audit-service
  version: 0.1.0
- name: compliance-service
  repository: file://charts/compliance-service
  version: 0.1.0
- name: security-monitor-service
  repository: file://charts/security-monitor-service
  version: 0.1.0
- name: portal
  repository: file://charts/portal
  version: 0.1.0
digest: sha256:8136f14ac25b94ab5022904ef32c806378afe9f3097f08079c0c75d4e98bcc43
generated: "2026-04-09T09:21:42.858048663+09:00"
